
Microsoft Visual Studio Solution File, Format Version 12.00
# Visual Studio Version 16
VisualStudioVersion = 16.0.29009.5
MinimumVisualStudioVersion = 10.0.40219.1
Project("{9A19103F-16F7-4668-BE54-9A1E7A4F7556}") = "CoreLib.Application.Clonning", "CoreLib.Application.Clonning\CoreLib.Application.Clonning.csproj", "{007A5F50-BA4D-4203-B89E-192FDF2F73BD}"
EndProject
Project("{FAE04EC0-301F-11D3-BF4B-00C04F79EFBC}") = "CoreLib.Application.Clonning.UnitTests", "CoreLib.Application.Clonning.UnitTests\CoreLib.Application.Clonning.UnitTests.csproj", "{540750A5-47CF-4F38-B57B-61359F7739D3}"
EndProject
Global
	GlobalSection(SolutionConfigurationPlatforms) = preSolution
		Debug|Any CPU = Debug|Any CPU
		Release|Any CPU = Release|Any CPU
	EndGlobalSection
	GlobalSection(ProjectConfigurationPlatforms) = postSolution
		{007A5F50-BA4D-4203-B89E-192FDF2F73BD}.Debug|Any CPU.ActiveCfg = Debug|Any CPU
		{007A5F50-BA4D-4203-B89E-192FDF2F73BD}.Debug|Any CPU.Build.0 = Debug|Any CPU
		{007A5F50-BA4D-4203-B89E-192FDF2F73BD}.Release|Any CPU.ActiveCfg = Release|Any CPU
		{007A5F50-BA4D-4203-B89E-192FDF2F73BD}.Release|Any CPU.Build.0 = Release|Any CPU
		{540750A5-47CF-4F38-B57B-61359F7739D3}.Debug|Any CPU.ActiveCfg = Debug|Any CPU
		{540750A5-47CF-4F38-B57B-61359F7739D3}.Debug|Any CPU.Build.0 = Debug|Any CPU
		{540750A5-47CF-4F38-B57B-61359F7739D3}.Release|Any CPU.ActiveCfg = Release|Any CPU
		{540750A5-47CF-4F38-B57B-61359F7739D3}.Release|Any CPU.Build.0 = Release|Any CPU
	EndGlobalSection
	GlobalSection(SolutionProperties) = preSolution
		HideSolutionNode = FALSE
	EndGlobalSection
	GlobalSection(ExtensibilityGlobals) = postSolution
		SolutionGuid = {CDF6408F-B679-4192-A4B5-8CB3464B4FBB}
	EndGlobalSection
EndGlobal
